
Microsoft Visual Studio Solution File, Format Version 12.00
# Visual Studio Version 17
VisualStudioVersion = 17.7.34009.444
MinimumVisualStudioVersion = 10.0.40219.1
Project("{9A19103F-16F7-4668-BE54-9A1E7A4F7556}") = "Trainning.WebApp", "Trainning.WebApp\Trainning.WebApp.csproj", "{8B1B7026-0205-4079-836E-6ECF0D87B24D}"
EndProject
Project("{9A19103F-16F7-4668-BE54-9A1E7A4F7556}") = "Trainning.Service", "Trainning.Service\Trainning.Service.csproj", "{3173DA76-4211-4483-85B7-EC0F9EA00603}"
EndProject
Project("{9A19103F-16F7-4668-BE54-9A1E7A4F7556}") = "Trainning.Core", "Trainning.Core\Trainning.Core.csproj", "{7BDE5D20-753F-4F25-A510-2A872877BFD9}"
EndProject
Project("{FAE04EC0-301F-11D3-BF4B-00C04F79EFBC}") = "Tranning.Infrastructure", "Tranning.Infrastructure\Tranning.Infrastructure.csproj", "{72774FD7-1148-42C7-878B-73A093CB7A6E}"
EndProject
Project("{FAE04EC0-301F-11D3-BF4B-00C04F79EFBC}") = "Tranning.Database", "Tranning.Database\Tranning.Database.csproj", "{AC55564A-1010-4DCD-8CC2-FF21B1208B99}"
EndProject
Global
	GlobalSection(SolutionConfigurationPlatforms) = preSolution
		Debug|Any CPU = Debug|Any CPU
		Release|Any CPU = Release|Any CPU
	EndGlobalSection
	GlobalSection(ProjectConfigurationPlatforms) = postSolution
		{8B1B7026-0205-4079-836E-6ECF0D87B24D}.Debug|Any CPU.ActiveCfg = Debug|Any CPU
		{8B1B7026-0205-4079-836E-6ECF0D87B24D}.Debug|Any CPU.Build.0 = Debug|Any CPU
		{8B1B7026-0205-4079-836E-6ECF0D87B24D}.Release|Any CPU.ActiveCfg = Release|Any CPU
		{8B1B7026-0205-4079-836E-6ECF0D87B24D}.Release|Any CPU.Build.0 = Release|Any CPU
		{3173DA76-4211-4483-85B7-EC0F9EA00603}.Debug|Any CPU.ActiveCfg = Debug|Any CPU
		{3173DA76-4211-4483-85B7-EC0F9EA00603}.Debug|Any CPU.Build.0 = Debug|Any CPU
		{3173DA76-4211-4483-85B7-EC0F9EA00603}.Release|Any CPU.ActiveCfg = Release|Any CPU
		{3173DA76-4211-4483-85B7-EC0F9EA00603}.Release|Any CPU.Build.0 = Release|Any CPU
		{7BDE5D20-753F-4F25-A510-2A872877BFD9}.Debug|Any CPU.ActiveCfg = Debug|Any CPU
		{7BDE5D20-753F-4F25-A510-2A872877BFD9}.Debug|Any CPU.Build.0 = Debug|Any CPU
		{7BDE5D20-753F-4F25-A510-2A872877BFD9}.Release|Any CPU.ActiveCfg = Release|Any CPU
		{7BDE5D20-753F-4F25-A510-2A872877BFD9}.Release|Any CPU.Build.0 = Release|Any CPU
		{72774FD7-1148-42C7-878B-73A093CB7A6E}.Debug|Any CPU.ActiveCfg = Debug|Any CPU
		{72774FD7-1148-42C7-878B-73A093CB7A6E}.Debug|Any CPU.Build.0 = Debug|Any CPU
		{72774FD7-1148-42C7-878B-73A093CB7A6E}.Release|Any CPU.ActiveCfg = Release|Any CPU
		{72774FD7-1148-42C7-878B-73A093CB7A6E}.Release|Any CPU.Build.0 = Release|Any CPU
		{AC55564A-1010-4DCD-8CC2-FF21B1208B99}.Debug|Any CPU.ActiveCfg = Debug|Any CPU
		{AC55564A-1010-4DCD-8CC2-FF21B1208B99}.Debug|Any CPU.Build.0 = Debug|Any CPU
		{AC55564A-1010-4DCD-8CC2-FF21B1208B99}.Release|Any CPU.ActiveCfg = Release|Any CPU
		{AC55564A-1010-4DCD-8CC2-FF21B1208B99}.Release|Any CPU.Build.0 = Release|Any CPU
	EndGlobalSection
	GlobalSection(SolutionProperties) = preSolution
		HideSolutionNode = FALSE
	EndGlobalSection
	GlobalSection(ExtensibilityGlobals) = postSolution
		SolutionGuid = {88D32A93-5894-4075-8C5C-CF73F677ABD7}
	EndGlobalSection
EndGlobal
